
Microsoft Visual Studio Solution File, Format Version 12.00
# Visual Studio 2013
VisualStudioVersion = 12.0.21005.1
MinimumVisualStudioVersion = 10.0.40219.1
Project("{FAE04EC0-301F-11D3-BF4B-00C04F79EFBC}") = "CDP", "CDP\CDP.csproj", "{D992ED8F-4EF3-40AB-BCB9-EBD4648CDB27}"
EndProject
Project("{FAE04EC0-301F-11D3-BF4B-00C04F79EFBC}") = "CDP.Tests", "CDP.Tests\CDP.Tests.csproj", "{DDAF40E2-43A5-421F-A624-025A8ACF6DF2}"
EndProject
Project("{2150E333-8FDC-42A3-9474-1A3956D46DE8}") = "1.CDP.WebApp", "1.CDP.WebApp", "{F4585D14-846A-4C8B-9274-8ADA2494459A}"
EndProject
Project("{2150E333-8FDC-42A3-9474-1A3956D46DE8}") = "2.CDP.Common", "2.CDP.Common", "{E7F59EC5-7082-4336-85C4-90403246E211}"
EndProject
Project("{FAE04EC0-301F-11D3-BF4B-00C04F79EFBC}") = "CDP.Contracts", "CDP.Contracts\CDP.Contracts.csproj", "{F14509F8-7EBB-4242-A066-FE925D705ACC}"
EndProject
Project("{2150E333-8FDC-42A3-9474-1A3956D46DE8}") = "3.Domain", "3.Domain", "{59982641-A855-46F4-948F-8767F1678DE9}"
EndProject
Project("{FAE04EC0-301F-11D3-BF4B-00C04F79EFBC}") = "CDP.Domain", "CDP.Domain\CDP.Domain.csproj", "{977407F0-6DE7-4DAF-96A9-04560829AB5D}"
EndProject
Project("{FAE04EC0-301F-11D3-BF4B-00C04F79EFBC}") = "CDP.Repositories", "CDP.Repositories\CDP.Repositories.csproj", "{B85AEB5F-8462-4566-AC88-E39CDB2705E9}"
EndProject
Project("{FAE04EC0-301F-11D3-BF4B-00C04F79EFBC}") = "CDP.BusinessLogic", "CDP.BusinessLogic\CDP.BusinessLogic.csproj", "{47FE16C4-303A-48B5-936F-83197F164DDC}"
EndProject
Project("{FAE04EC0-301F-11D3-BF4B-00C04F79EFBC}") = "CDP.WebApp", "CDP.WebApp\CDP.WebApp.csproj", "{A7F868B1-3DC0-4DDE-A9BB-49C9E6689E11}"
EndProject
Project("{FAE04EC0-301F-11D3-BF4B-00C04F79EFBC}") = "CDP.WebApp.Tests", "CDP.WebApp.Tests\CDP.WebApp.Tests.csproj", "{8B26BE10-5587-42D0-B981-F04B099C0623}"
EndProject
Global
	GlobalSection(SolutionConfigurationPlatforms) = preSolution
		Debug|Any CPU = Debug|Any CPU
		Release|Any CPU = Release|Any CPU
	EndGlobalSection
	GlobalSection(ProjectConfigurationPlatforms) = postSolution
		{D992ED8F-4EF3-40AB-BCB9-EBD4648CDB27}.Debug|Any CPU.ActiveCfg = Debug|Any CPU
		{D992ED8F-4EF3-40AB-BCB9-EBD4648CDB27}.Debug|Any CPU.Build.0 = Debug|Any CPU
		{D992ED8F-4EF3-40AB-BCB9-EBD4648CDB27}.Release|Any CPU.ActiveCfg = Release|Any CPU
		{D992ED8F-4EF3-40AB-BCB9-EBD4648CDB27}.Release|Any CPU.Build.0 = Release|Any CPU
		{DDAF40E2-43A5-421F-A624-025A8ACF6DF2}.Debug|Any CPU.ActiveCfg = Debug|Any CPU
		{DDAF40E2-43A5-421F-A624-025A8ACF6DF2}.Debug|Any CPU.Build.0 = Debug|Any CPU
		{DDAF40E2-43A5-421F-A624-025A8ACF6DF2}.Release|Any CPU.ActiveCfg = Release|Any CPU
		{DDAF40E2-43A5-421F-A624-025A8ACF6DF2}.Release|Any CPU.Build.0 = Release|Any CPU
		{F14509F8-7EBB-4242-A066-FE925D705ACC}.Debug|Any CPU.ActiveCfg = Debug|Any CPU
		{F14509F8-7EBB-4242-A066-FE925D705ACC}.Debug|Any CPU.Build.0 = Debug|Any CPU
		{F14509F8-7EBB-4242-A066-FE925D705ACC}.Release|Any CPU.ActiveCfg = Release|Any CPU
		{F14509F8-7EBB-4242-A066-FE925D705ACC}.Release|Any CPU.Build.0 = Release|Any CPU
		{977407F0-6DE7-4DAF-96A9-04560829AB5D}.Debug|Any CPU.ActiveCfg = Debug|Any CPU
		{977407F0-6DE7-4DAF-96A9-04560829AB5D}.Debug|Any CPU.Build.0 = Debug|Any CPU
		{977407F0-6DE7-4DAF-96A9-04560829AB5D}.Release|Any CPU.ActiveCfg = Release|Any CPU
		{977407F0-6DE7-4DAF-96A9-04560829AB5D}.Release|Any CPU.Build.0 = Release|Any CPU
		{B85AEB5F-8462-4566-AC88-E39CDB2705E9}.Debug|Any CPU.ActiveCfg = Debug|Any CPU
		{B85AEB5F-8462-4566-AC88-E39CDB2705E9}.Debug|Any CPU.Build.0 = Debug|Any CPU
		{B85AEB5F-8462-4566-AC88-E39CDB2705E9}.Release|Any CPU.ActiveCfg = Release|Any CPU
		{B85AEB5F-8462-4566-AC88-E39CDB2705E9}.Release|Any CPU.Build.0 = Release|Any CPU
		{47FE16C4-303A-48B5-936F-83197F164DDC}.Debug|Any CPU.ActiveCfg = Debug|Any CPU
		{47FE16C4-303A-48B5-936F-83197F164DDC}.Debug|Any CPU.Build.0 = Debug|Any CPU
		{47FE16C4-303A-48B5-936F-83197F164DDC}.Release|Any CPU.ActiveCfg = Release|Any CPU
		{47FE16C4-303A-48B5-936F-83197F164DDC}.Release|Any CPU.Build.0 = Release|Any CPU
		{A7F868B1-3DC0-4DDE-A9BB-49C9E6689E11}.Debug|Any CPU.ActiveCfg = Debug|Any CPU
		{A7F868B1-3DC0-4DDE-A9BB-49C9E6689E11}.Debug|Any CPU.Build.0 = Debug|Any CPU
		{A7F868B1-3DC0-4DDE-A9BB-49C9E6689E11}.Release|Any CPU.ActiveCfg = Release|Any CPU
		{A7F868B1-3DC0-4DDE-A9BB-49C9E6689E11}.Release|Any CPU.Build.0 = Release|Any CPU
		{8B26BE10-5587-42D0-B981-F04B099C0623}.Debug|Any CPU.ActiveCfg = Debug|Any CPU
		{8B26BE10-5587-42D0-B981-F04B099C0623}.Debug|Any CPU.Build.0 = Debug|Any CPU
		{8B26BE10-5587-42D0-B981-F04B099C0623}.Release|Any CPU.ActiveCfg = Release|Any CPU
		{8B26BE10-5587-42D0-B981-F04B099C0623}.Release|Any CPU.Build.0 = Release|Any CPU
	EndGlobalSection
	GlobalSection(SolutionProperties) = preSolution
		HideSolutionNode = FALSE
	EndGlobalSection
	GlobalSection(NestedProjects) = preSolution
		{DDAF40E2-43A5-421F-A624-025A8ACF6DF2} = {F4585D14-846A-4C8B-9274-8ADA2494459A}
		{D992ED8F-4EF3-40AB-BCB9-EBD4648CDB27} = {F4585D14-846A-4C8B-9274-8ADA2494459A}
		{A7F868B1-3DC0-4DDE-A9BB-49C9E6689E11} = {F4585D14-846A-4C8B-9274-8ADA2494459A}
		{8B26BE10-5587-42D0-B981-F04B099C0623} = {F4585D14-846A-4C8B-9274-8ADA2494459A}
		{F14509F8-7EBB-4242-A066-FE925D705ACC} = {E7F59EC5-7082-4336-85C4-90403246E211}
		{977407F0-6DE7-4DAF-96A9-04560829AB5D} = {59982641-A855-46F4-948F-8767F1678DE9}
		{B85AEB5F-8462-4566-AC88-E39CDB2705E9} = {59982641-A855-46F4-948F-8767F1678DE9}
		{47FE16C4-303A-48B5-936F-83197F164DDC} = {59982641-A855-46F4-948F-8767F1678DE9}
	EndGlobalSection
EndGlobal
